
Microsoft Visual Studio Solution File, Format Version 12.00
# Visual Studio 15
VisualStudioVersion = 15.0.27004.2009
MinimumVisualStudioVersion = 10.0.40219.1
Project("{FAE04EC0-301F-11D3-BF4B-00C04F79EFBC}") = "Arch", "src\Arch\Arch.csproj", "{F630CF2F-5F08-4565-90E9-3413099EC849}"
EndProject
Global
	GlobalSection(SolutionConfigurationPlatforms) = preSolution
		Debug|Any CPU = Debug|Any CPU
		Release|Any CPU = Release|Any CPU
	EndGlobalSection
	GlobalSection(ProjectConfigurationPlatforms) = postSolution
		{F630CF2F-5F08-4565-90E9-3413099EC849}.Debug|Any CPU.ActiveCfg = Debug|Any CPU
		{F630CF2F-5F08-4565-90E9-3413099EC849}.Debug|Any CPU.Build.0 = Debug|Any CPU
		{F630CF2F-5F08-4565-90E9-3413099EC849}.Release|Any CPU.ActiveCfg = Release|Any CPU
		{F630CF2F-5F08-4565-90E9-3413099EC849}.Release|Any CPU.Build.0 = Release|Any CPU
	EndGlobalSection
	GlobalSection(SolutionProperties) = preSolution
		HideSolutionNode = FALSE
	EndGlobalSection
	GlobalSection(ExtensibilityGlobals) = postSolution
		SolutionGuid = {440E2251-DB61-4B23-AF95-EE23AC42E2F1}
	EndGlobalSection
EndGlobal
